// !$*UTF8*$!
{
	archiveVersion = 1;
	classes = {
	};
	objectVersion = 55;
	objects = {

/* Begin PBXBuildFile section */
		A59E386B2B37C28500809705 /* UIImage+Extension.swift in Sources */ = {isa = PBXBuildFile; fileRef = A59E386A2B37C28500809705 /* UIImage+Extension.swift */; };
		A59E386D2B37C2C200809705 /* Constants.swift in Sources */ = {isa = PBXBuildFile; fileRef = A59E386C2B37C2C200809705 /* Constants.swift */; };
		A59E38722B37C59400809705 /* MainCell.swift in Sources */ = {isa = PBXBuildFile; fileRef = A59E38712B37C59400809705 /* MainCell.swift */; };
		CE03B6462B2F72D90029DDCA /* GoogleService-Info.plist in Resources */ = {isa = PBXBuildFile; fileRef = CE03B6452B2F72D90029DDCA /* GoogleService-Info.plist */; };
		CE03B64E2B2F9FD20029DDCA /* AuthService.swift in Sources */ = {isa = PBXBuildFile; fileRef = CE03B64D2B2F9FD20029DDCA /* AuthService.swift */; };
		CE03B6512B2F9FEC0029DDCA /* RegisterUserRequest.swift in Sources */ = {isa = PBXBuildFile; fileRef = CE03B6502B2F9FEC0029DDCA /* RegisterUserRequest.swift */; };
		CE301B4C2B38C4A400E50044 /* SortingDeadlines.swift in Sources */ = {isa = PBXBuildFile; fileRef = CE301B4B2B38C4A400E50044 /* SortingDeadlines.swift */; };
		CE35BB682B0BF2D900196A57 /* AppDelegate.swift in Sources */ = {isa = PBXBuildFile; fileRef = CE35BB672B0BF2D900196A57 /* AppDelegate.swift */; };
		CE35BB6A2B0BF2D900196A57 /* SceneDelegate.swift in Sources */ = {isa = PBXBuildFile; fileRef = CE35BB692B0BF2D900196A57 /* SceneDelegate.swift */; };
		CE35BB6C2B0BF2D900196A57 /* ViewController.swift in Sources */ = {isa = PBXBuildFile; fileRef = CE35BB6B2B0BF2D900196A57 /* ViewController.swift */; };
		CE35BB6F2B0BF2D900196A57 /* Main.storyboard in Resources */ = {isa = PBXBuildFile; fileRef = CE35BB6D2B0BF2D900196A57 /* Main.storyboard */; };
		CE35BB712B0BF2DD00196A57 /* Assets.xcassets in Resources */ = {isa = PBXBuildFile; fileRef = CE35BB702B0BF2DD00196A57 /* Assets.xcassets */; };
		CE35BB742B0BF2DD00196A57 /* LaunchScreen.storyboard in Resources */ = {isa = PBXBuildFile; fileRef = CE35BB722B0BF2DD00196A57 /* LaunchScreen.storyboard */; };
		CE35BB7C2B0BF31500196A57 /* addDeadLineViewController.swift in Sources */ = {isa = PBXBuildFile; fileRef = CE35BB7B2B0BF31500196A57 /* addDeadLineViewController.swift */; };
		CE35BB7E2B0BF3A900196A57 /* CalendarViewController.swift in Sources */ = {isa = PBXBuildFile; fileRef = CE35BB7D2B0BF3A900196A57 /* CalendarViewController.swift */; };
		CE35BB802B0BF3C900196A57 /* MainViewController.swift in Sources */ = {isa = PBXBuildFile; fileRef = CE35BB7F2B0BF3C900196A57 /* MainViewController.swift */; };
		CE35BB822B0BF41400196A57 /* SettingsViewController.swift in Sources */ = {isa = PBXBuildFile; fileRef = CE35BB812B0BF41400196A57 /* SettingsViewController.swift */; };
		CE35BB842B0BF43F00196A57 /* TabBarController.swift in Sources */ = {isa = PBXBuildFile; fileRef = CE35BB832B0BF43F00196A57 /* TabBarController.swift */; };
		CE68566C2B325AB500C69E67 /* AuthenticationValidator.swift in Sources */ = {isa = PBXBuildFile; fileRef = CE68566B2B325AB500C69E67 /* AuthenticationValidator.swift */; };
		CE72C9232B3B9A4400723C74 /* CalendarPresenter.swift in Sources */ = {isa = PBXBuildFile; fileRef = CE72C9222B3B9A4400723C74 /* CalendarPresenter.swift */; };
		CEBAE3D22B3875EC00ED7F49 /* APIManager.swift in Sources */ = {isa = PBXBuildFile; fileRef = CEBAE3D12B3875EC00ED7F49 /* APIManager.swift */; };
		CEBAE3D52B3875FF00ED7F49 /* deadline.swift in Sources */ = {isa = PBXBuildFile; fileRef = CEBAE3D32B3875FF00ED7F49 /* deadline.swift */; };
		CEBAE3D62B3875FF00ED7F49 /* EmojiComplexity.swift in Sources */ = {isa = PBXBuildFile; fileRef = CEBAE3D42B3875FF00ED7F49 /* EmojiComplexity.swift */; };
		CEBAE3D82B3878E300ED7F49 /* TimeDelta.swift in Sources */ = {isa = PBXBuildFile; fileRef = CEBAE3D72B3878E300ED7F49 /* TimeDelta.swift */; };
		CECA1A6A2B2FAA7D00C760CA /* LoginUserRequest.swift in Sources */ = {isa = PBXBuildFile; fileRef = CECA1A692B2FAA7D00C760CA /* LoginUserRequest.swift */; };
		CECA1A6C2B2FC01C00C760CA /* RegistrationViewController.swift in Sources */ = {isa = PBXBuildFile; fileRef = CECA1A6B2B2FC01C00C760CA /* RegistrationViewController.swift */; };
		CECA1A702B2FC1F300C760CA /* CustomTextField.swift in Sources */ = {isa = PBXBuildFile; fileRef = CECA1A6F2B2FC1F300C760CA /* CustomTextField.swift */; };
		CECA1A722B2FC46400C760CA /* CustomAuthButton.swift in Sources */ = {isa = PBXBuildFile; fileRef = CECA1A712B2FC46400C760CA /* CustomAuthButton.swift */; };
		CECA1A742B2FCA6400C760CA /* LoginViewController.swift in Sources */ = {isa = PBXBuildFile; fileRef = CECA1A732B2FCA6400C760CA /* LoginViewController.swift */; };
		CECA1A762B2FD0DA00C760CA /* UIColor+Extension.swift in Sources */ = {isa = PBXBuildFile; fileRef = CECA1A752B2FD0DA00C760CA /* UIColor+Extension.swift */; };
		D4B0CD782B20BA9D00407607 /* MainPresenter.swift in Sources */ = {isa = PBXBuildFile; fileRef = D4B0CD772B20BA9D00407607 /* MainPresenter.swift */; };
		D4B0CD7A2B20BC7F00407607 /* MainBuilder.swift in Sources */ = {isa = PBXBuildFile; fileRef = D4B0CD792B20BC7F00407607 /* MainBuilder.swift */; };
		F3254C02C41AE43F5C07FDE7 /* Pods_Odnako.framework in Frameworks */ = {isa = PBXBuildFile; fileRef = E74E5729BD8D3774AE0556E9 /* Pods_Odnako.framework */; };
/* End PBXBuildFile section */

/* Begin PBXFileReference section */
		14EF8833DE2050CC3AF8D574 /* Pods-Odnako.release.xcconfig */ = {isa = PBXFileReference; includeInIndex = 1; lastKnownFileType = text.xcconfig; name = "Pods-Odnako.release.xcconfig"; path = "Target Support Files/Pods-Odnako/Pods-Odnako.release.xcconfig"; sourceTree = "<group>"; };
		A1C8AC2F1445F50F7AD93E1D /* Pods-Odnako.debug.xcconfig */ = {isa = PBXFileReference; includeInIndex = 1; lastKnownFileType = text.xcconfig; name = "Pods-Odnako.debug.xcconfig"; path = "Target Support Files/Pods-Odnako/Pods-Odnako.debug.xcconfig"; sourceTree = "<group>"; };
		A59E386A2B37C28500809705 /* UIImage+Extension.swift */ = {isa = PBXFileReference; lastKnownFileType = sourcecode.swift; path = "UIImage+Extension.swift"; sourceTree = "<group>"; };
		A59E386C2B37C2C200809705 /* Constants.swift */ = {isa = PBXFileReference; lastKnownFileType = sourcecode.swift; path = Constants.swift; sourceTree = "<group>"; };
		A59E38712B37C59400809705 /* MainCell.swift */ = {isa = PBXFileReference; lastKnownFileType = sourcecode.swift; path = MainCell.swift; sourceTree = "<group>"; };
		CE03B6452B2F72D90029DDCA /* GoogleService-Info.plist */ = {isa = PBXFileReference; fileEncoding = 4; lastKnownFileType = text.plist.xml; path = "GoogleService-Info.plist"; sourceTree = "<group>"; };
		CE03B64D2B2F9FD20029DDCA /* AuthService.swift */ = {isa = PBXFileReference; lastKnownFileType = sourcecode.swift; path = AuthService.swift; sourceTree = "<group>"; };
		CE03B6502B2F9FEC0029DDCA /* RegisterUserRequest.swift */ = {isa = PBXFileReference; lastKnownFileType = sourcecode.swift; path = RegisterUserRequest.swift; sourceTree = "<group>"; };
		CE301B4B2B38C4A400E50044 /* SortingDeadlines.swift */ = {isa = PBXFileReference; lastKnownFileType = sourcecode.swift; path = SortingDeadlines.swift; sourceTree = "<group>"; };
		CE35BB642B0BF2D900196A57 /* Odnako.app */ = {isa = PBXFileReference; explicitFileType = wrapper.application; includeInIndex = 0; path = Odnako.app; sourceTree = BUILT_PRODUCTS_DIR; };
		CE35BB672B0BF2D900196A57 /* AppDelegate.swift */ = {isa = PBXFileReference; lastKnownFileType = sourcecode.swift; path = AppDelegate.swift; sourceTree = "<group>"; };
		CE35BB692B0BF2D900196A57 /* SceneDelegate.swift */ = {isa = PBXFileReference; lastKnownFileType = sourcecode.swift; path = SceneDelegate.swift; sourceTree = "<group>"; };
		CE35BB6B2B0BF2D900196A57 /* ViewController.swift */ = {isa = PBXFileReference; lastKnownFileType = sourcecode.swift; path = ViewController.swift; sourceTree = "<group>"; };
		CE35BB6E2B0BF2D900196A57 /* Base */ = {isa = PBXFileReference; lastKnownFileType = file.storyboard; name = Base; path = Base.lproj/Main.storyboard; sourceTree = "<group>"; };
		CE35BB702B0BF2DD00196A57 /* Assets.xcassets */ = {isa = PBXFileReference; lastKnownFileType = folder.assetcatalog; path = Assets.xcassets; sourceTree = "<group>"; };
		CE35BB732B0BF2DD00196A57 /* Base */ = {isa = PBXFileReference; lastKnownFileType = file.storyboard; name = Base; path = Base.lproj/LaunchScreen.storyboard; sourceTree = "<group>"; };
		CE35BB752B0BF2DD00196A57 /* Info.plist */ = {isa = PBXFileReference; lastKnownFileType = text.plist.xml; path = Info.plist; sourceTree = "<group>"; };
		CE35BB7B2B0BF31500196A57 /* addDeadLineViewController.swift */ = {isa = PBXFileReference; lastKnownFileType = sourcecode.swift; path = addDeadLineViewController.swift; sourceTree = "<group>"; };
		CE35BB7D2B0BF3A900196A57 /* CalendarViewController.swift */ = {isa = PBXFileReference; lastKnownFileType = sourcecode.swift; path = CalendarViewController.swift; sourceTree = "<group>"; };
		CE35BB7F2B0BF3C900196A57 /* MainViewController.swift */ = {isa = PBXFileReference; lastKnownFileType = sourcecode.swift; path = MainViewController.swift; sourceTree = "<group>"; };
		CE35BB812B0BF41400196A57 /* SettingsViewController.swift */ = {isa = PBXFileReference; lastKnownFileType = sourcecode.swift; path = SettingsViewController.swift; sourceTree = "<group>"; };
		CE35BB832B0BF43F00196A57 /* TabBarController.swift */ = {isa = PBXFileReference; lastKnownFileType = sourcecode.swift; path = TabBarController.swift; sourceTree = "<group>"; };
		CE68566B2B325AB500C69E67 /* AuthenticationValidator.swift */ = {isa = PBXFileReference; lastKnownFileType = sourcecode.swift; path = AuthenticationValidator.swift; sourceTree = "<group>"; };
		CE72C9222B3B9A4400723C74 /* CalendarPresenter.swift */ = {isa = PBXFileReference; lastKnownFileType = sourcecode.swift; path = CalendarPresenter.swift; sourceTree = "<group>"; };
		CEBAE3D12B3875EC00ED7F49 /* APIManager.swift */ = {isa = PBXFileReference; fileEncoding = 4; lastKnownFileType = sourcecode.swift; path = APIManager.swift; sourceTree = "<group>"; };
		CEBAE3D32B3875FF00ED7F49 /* deadline.swift */ = {isa = PBXFileReference; fileEncoding = 4; lastKnownFileType = sourcecode.swift; path = deadline.swift; sourceTree = "<group>"; };
		CEBAE3D42B3875FF00ED7F49 /* EmojiComplexity.swift */ = {isa = PBXFileReference; fileEncoding = 4; lastKnownFileType = sourcecode.swift; path = EmojiComplexity.swift; sourceTree = "<group>"; };
		CEBAE3D72B3878E300ED7F49 /* TimeDelta.swift */ = {isa = PBXFileReference; fileEncoding = 4; lastKnownFileType = sourcecode.swift; path = TimeDelta.swift; sourceTree = "<group>"; };
		CECA1A692B2FAA7D00C760CA /* LoginUserRequest.swift */ = {isa = PBXFileReference; lastKnownFileType = sourcecode.swift; path = LoginUserRequest.swift; sourceTree = "<group>"; };
		CECA1A6B2B2FC01C00C760CA /* RegistrationViewController.swift */ = {isa = PBXFileReference; lastKnownFileType = sourcecode.swift; path = RegistrationViewController.swift; sourceTree = "<group>"; };
		CECA1A6F2B2FC1F300C760CA /* CustomTextField.swift */ = {isa = PBXFileReference; lastKnownFileType = sourcecode.swift; path = CustomTextField.swift; sourceTree = "<group>"; };
		CECA1A712B2FC46400C760CA /* CustomAuthButton.swift */ = {isa = PBXFileReference; lastKnownFileType = sourcecode.swift; path = CustomAuthButton.swift; sourceTree = "<group>"; };
		CECA1A732B2FCA6400C760CA /* LoginViewController.swift */ = {isa = PBXFileReference; lastKnownFileType = sourcecode.swift; path = LoginViewController.swift; sourceTree = "<group>"; };
		CECA1A752B2FD0DA00C760CA /* UIColor+Extension.swift */ = {isa = PBXFileReference; lastKnownFileType = sourcecode.swift; path = "UIColor+Extension.swift"; sourceTree = "<group>"; };
		D4B0CD772B20BA9D00407607 /* MainPresenter.swift */ = {isa = PBXFileReference; lastKnownFileType = sourcecode.swift; path = MainPresenter.swift; sourceTree = "<group>"; };
		D4B0CD792B20BC7F00407607 /* MainBuilder.swift */ = {isa = PBXFileReference; lastKnownFileType = sourcecode.swift; path = MainBuilder.swift; sourceTree = "<group>"; };
		E74E5729BD8D3774AE0556E9 /* Pods_Odnako.framework */ = {isa = PBXFileReference; explicitFileType = wrapper.framework; includeInIndex = 0; path = Pods_Odnako.framework; sourceTree = BUILT_PRODUCTS_DIR; };
/* End PBXFileReference section */

/* Begin PBXFrameworksBuildPhase section */
		CE35BB612B0BF2D900196A57 /* Frameworks */ = {
			isa = PBXFrameworksBuildPhase;
			buildActionMask = 2147483647;
			files = (
				F3254C02C41AE43F5C07FDE7 /* Pods_Odnako.framework in Frameworks */,
			);
			runOnlyForDeploymentPostprocessing = 0;
		};
/* End PBXFrameworksBuildPhase section */

/* Begin PBXGroup section */
		23933A2AEFF80151EB5E23B3 /* Pods */ = {
			isa = PBXGroup;
			children = (
				A1C8AC2F1445F50F7AD93E1D /* Pods-Odnako.debug.xcconfig */,
				14EF8833DE2050CC3AF8D574 /* Pods-Odnako.release.xcconfig */,
			);
			path = Pods;
			sourceTree = "<group>";
		};
		8E9EEA85543554136DFD060F /* Frameworks */ = {
			isa = PBXGroup;
			children = (
				E74E5729BD8D3774AE0556E9 /* Pods_Odnako.framework */,
			);
			name = Frameworks;
			sourceTree = "<group>";
		};
		A59E38692B37C23A00809705 /* Extension */ = {
			isa = PBXGroup;
			children = (
				CECA1A752B2FD0DA00C760CA /* UIColor+Extension.swift */,
				A59E386A2B37C28500809705 /* UIImage+Extension.swift */,
			);
			path = Extension;
			sourceTree = "<group>";
		};
		A59E386E2B37C44900809705 /* Model */ = {
			isa = PBXGroup;
			children = (
				CEBAE3D32B3875FF00ED7F49 /* deadline.swift */,
				CEBAE3D42B3875FF00ED7F49 /* EmojiComplexity.swift */,
			);
			path = Model;
			sourceTree = "<group>";
		};
		CE03B64C2B2F9FB50029DDCA /* Auth */ = {
			isa = PBXGroup;
			children = (
				CECA1A6D2B2FC15500C760CA /* View */,
				CE03B64F2B2F9FD60029DDCA /* Models */,
				CE03B64D2B2F9FD20029DDCA /* AuthService.swift */,
				CECA1A6F2B2FC1F300C760CA /* CustomTextField.swift */,
				CE68566B2B325AB500C69E67 /* AuthenticationValidator.swift */,
				CECA1A712B2FC46400C760CA /* CustomAuthButton.swift */,
			);
			path = Auth;
			sourceTree = "<group>";
		};
		CE03B64F2B2F9FD60029DDCA /* Models */ = {
			isa = PBXGroup;
			children = (
				CE03B6502B2F9FEC0029DDCA /* RegisterUserRequest.swift */,
				CECA1A692B2FAA7D00C760CA /* LoginUserRequest.swift */,
			);
			path = Models;
			sourceTree = "<group>";
		};
		CE35BB5B2B0BF2D900196A57 = {
			isa = PBXGroup;
			children = (
				CE35BB662B0BF2D900196A57 /* Odnako */,
				CE35BB652B0BF2D900196A57 /* Products */,
				23933A2AEFF80151EB5E23B3 /* Pods */,
				8E9EEA85543554136DFD060F /* Frameworks */,
			);
			sourceTree = "<group>";
		};
		CE35BB652B0BF2D900196A57 /* Products */ = {
			isa = PBXGroup;
			children = (
				CE35BB642B0BF2D900196A57 /* Odnako.app */,
			);
			name = Products;
			sourceTree = "<group>";
		};
		CE35BB662B0BF2D900196A57 /* Odnako */ = {
			isa = PBXGroup;
			children = (
				CE03B64C2B2F9FB50029DDCA /* Auth */,
				CE35BB672B0BF2D900196A57 /* AppDelegate.swift */,
				CE35BB692B0BF2D900196A57 /* SceneDelegate.swift */,
				CEBAE3D72B3878E300ED7F49 /* TimeDelta.swift */,
				CE35BB6B2B0BF2D900196A57 /* ViewController.swift */,
				CE301B4B2B38C4A400E50044 /* SortingDeadlines.swift */,
				CE35BB6D2B0BF2D900196A57 /* Main.storyboard */,
				CE35BB702B0BF2DD00196A57 /* Assets.xcassets */,
				CE35BB722B0BF2DD00196A57 /* LaunchScreen.storyboard */,
				CE35BB752B0BF2DD00196A57 /* Info.plist */,
				D4B0CD7B2B20BD8C00407607 /* MainModule */,
				CE72C91F2B3B999F00723C74 /* CalendarModule */,
				CE35BB812B0BF41400196A57 /* SettingsViewController.swift */,
				A59E386C2B37C2C200809705 /* Constants.swift */,
				CE03B6452B2F72D90029DDCA /* GoogleService-Info.plist */,
				CEBAE3D12B3875EC00ED7F49 /* APIManager.swift */,
				CE35BB832B0BF43F00196A57 /* TabBarController.swift */,
				A59E38692B37C23A00809705 /* Extension */,
			);
			path = Odnako;
			sourceTree = "<group>";
		};
		CE72C91F2B3B999F00723C74 /* CalendarModule */ = {
			isa = PBXGroup;
			children = (
				CE72C9212B3B99BF00723C74 /* Presenter */,
				CE72C9202B3B99B900723C74 /* View */,
			);
			path = CalendarModule;
			sourceTree = "<group>";
		};
		CE72C9202B3B99B900723C74 /* View */ = {
			isa = PBXGroup;
			children = (
				CE35BB7D2B0BF3A900196A57 /* CalendarViewController.swift */,
			);
			path = View;
			sourceTree = "<group>";
		};
		CE72C9212B3B99BF00723C74 /* Presenter */ = {
			isa = PBXGroup;
			children = (
				CE72C9222B3B9A4400723C74 /* CalendarPresenter.swift */,
			);
			path = Presenter;
			sourceTree = "<group>";
		};
		CECA1A6D2B2FC15500C760CA /* View */ = {
			isa = PBXGroup;
			children = (
				CECA1A6B2B2FC01C00C760CA /* RegistrationViewController.swift */,
				CECA1A732B2FCA6400C760CA /* LoginViewController.swift */,
			);
			path = View;
			sourceTree = "<group>";
		};
		D4B0CD7B2B20BD8C00407607 /* MainModule */ = {
			isa = PBXGroup;
			children = (
				A59E386E2B37C44900809705 /* Model */,
				D4B0CD7C2B20BD9600407607 /* View */,
				D4B0CD7D2B20BD9A00407607 /* Presenter */,
				D4B0CD792B20BC7F00407607 /* MainBuilder.swift */,
			);
			path = MainModule;
			sourceTree = "<group>";
		};
		D4B0CD7C2B20BD9600407607 /* View */ = {
			isa = PBXGroup;
			children = (
				CE35BB7B2B0BF31500196A57 /* addDeadLineViewController.swift */,
				CE35BB7F2B0BF3C900196A57 /* MainViewController.swift */,
				A59E38712B37C59400809705 /* MainCell.swift */,
			);
			path = View;
			sourceTree = "<group>";
		};
		D4B0CD7D2B20BD9A00407607 /* Presenter */ = {
			isa = PBXGroup;
			children = (
				D4B0CD772B20BA9D00407607 /* MainPresenter.swift */,
			);
			path = Presenter;
			sourceTree = "<group>";
		};
/* End PBXGroup section */

/* Begin PBXNativeTarget section */
		CE35BB632B0BF2D900196A57 /* Odnako */ = {
			isa = PBXNativeTarget;
			buildConfigurationList = CE35BB782B0BF2DD00196A57 /* Build configuration list for PBXNativeTarget "Odnako" */;
			buildPhases = (
				A853AF779BDA4FA2E048FBFA /* [CP] Check Pods Manifest.lock */,
				CE35BB602B0BF2D900196A57 /* Sources */,
				CE35BB612B0BF2D900196A57 /* Frameworks */,
				CE35BB622B0BF2D900196A57 /* Resources */,
				3C53F7A0037960C4A0031344 /* [CP] Embed Pods Frameworks */,
			);
			buildRules = (
			);
			dependencies = (
			);
			name = Odnako;
			productName = Odnako;
			productReference = CE35BB642B0BF2D900196A57 /* Odnako.app */;
			productType = "com.apple.product-type.application";
		};
/* End PBXNativeTarget section */

/* Begin PBXProject section */
		CE35BB5C2B0BF2D900196A57 /* Project object */ = {
			isa = PBXProject;
			attributes = {
				BuildIndependentTargetsInParallel = 1;
				LastSwiftUpdateCheck = 1320;
				LastUpgradeCheck = 1320;
				TargetAttributes = {
					CE35BB632B0BF2D900196A57 = {
						CreatedOnToolsVersion = 13.2.1;
					};
				};
			};
			buildConfigurationList = CE35BB5F2B0BF2D900196A57 /* Build configuration list for PBXProject "Odnako" */;
			compatibilityVersion = "Xcode 13.0";
			developmentRegion = en;
			hasScannedForEncodings = 0;
			knownRegions = (
				en,
				Base,
			);
			mainGroup = CE35BB5B2B0BF2D900196A57;
			productRefGroup = CE35BB652B0BF2D900196A57 /* Products */;
			projectDirPath = "";
			projectRoot = "";
			targets = (
				CE35BB632B0BF2D900196A57 /* Odnako */,
			);
		};
/* End PBXProject section */

/* Begin PBXResourcesBuildPhase section */
		CE35BB622B0BF2D900196A57 /* Resources */ = {
			isa = PBXResourcesBuildPhase;
			buildActionMask = 2147483647;
			files = (
				CE35BB742B0BF2DD00196A57 /* LaunchScreen.storyboard in Resources */,
				CE03B6462B2F72D90029DDCA /* GoogleService-Info.plist in Resources */,
				CE35BB712B0BF2DD00196A57 /* Assets.xcassets in Resources */,
				CE35BB6F2B0BF2D900196A57 /* Main.storyboard in Resources */,
			);
			runOnlyForDeploymentPostprocessing = 0;
		};
/* End PBXResourcesBuildPhase section */

/* Begin PBXShellScriptBuildPhase section */
		3C53F7A0037960C4A0031344 /* [CP] Embed Pods Frameworks */ = {
			isa = PBXShellScriptBuildPhase;
			buildActionMask = 2147483647;
			files = (
			);
			inputFileListPaths = (
				"${PODS_ROOT}/Target Support Files/Pods-Odnako/Pods-Odnako-frameworks-${CONFIGURATION}-input-files.xcfilelist",
			);
			name = "[CP] Embed Pods Frameworks";
			outputFileListPaths = (
				"${PODS_ROOT}/Target Support Files/Pods-Odnako/Pods-Odnako-frameworks-${CONFIGURATION}-output-files.xcfilelist",
			);
			runOnlyForDeploymentPostprocessing = 0;
			shellPath = /bin/sh;
			shellScript = "\"${PODS_ROOT}/Target Support Files/Pods-Odnako/Pods-Odnako-frameworks.sh\"\n";
			showEnvVarsInLog = 0;
		};
		A853AF779BDA4FA2E048FBFA /* [CP] Check Pods Manifest.lock */ = {
			isa = PBXShellScriptBuildPhase;
			buildActionMask = 2147483647;
			files = (
			);
			inputFileListPaths = (
			);
			inputPaths = (
				"${PODS_PODFILE_DIR_PATH}/Podfile.lock",
				"${PODS_ROOT}/Manifest.lock",
			);
			name = "[CP] Check Pods Manifest.lock";
			outputFileListPaths = (
			);
			outputPaths = (
				"$(DERIVED_FILE_DIR)/Pods-Odnako-checkManifestLockResult.txt",
			);
			runOnlyForDeploymentPostprocessing = 0;
			shellPath = /bin/sh;
			shellScript = "diff \"${PODS_PODFILE_DIR_PATH}/Podfile.lock\" \"${PODS_ROOT}/Manifest.lock\" > /dev/null\nif [ $? != 0 ] ; then\n    # print error to STDERR\n    echo \"error: The sandbox is not in sync with the Podfile.lock. Run 'pod install' or update your CocoaPods installation.\" >&2\n    exit 1\nfi\n# This output is used by Xcode 'outputs' to avoid re-running this script phase.\necho \"SUCCESS\" > \"${SCRIPT_OUTPUT_FILE_0}\"\n";
			showEnvVarsInLog = 0;
		};
/* End PBXShellScriptBuildPhase section */

/* Begin PBXSourcesBuildPhase section */
		CE35BB602B0BF2D900196A57 /* Sources */ = {
			isa = PBXSourcesBuildPhase;
			buildActionMask = 2147483647;
			files = (
				CEBAE3D22B3875EC00ED7F49 /* APIManager.swift in Sources */,
				CECA1A742B2FCA6400C760CA /* LoginViewController.swift in Sources */,
				CECA1A762B2FD0DA00C760CA /* UIColor+Extension.swift in Sources */,
				CEBAE3D52B3875FF00ED7F49 /* deadline.swift in Sources */,
				CE35BB7E2B0BF3A900196A57 /* CalendarViewController.swift in Sources */,
				A59E38722B37C59400809705 /* MainCell.swift in Sources */,
				CEBAE3D82B3878E300ED7F49 /* TimeDelta.swift in Sources */,
				CECA1A722B2FC46400C760CA /* CustomAuthButton.swift in Sources */,
				CE301B4C2B38C4A400E50044 /* SortingDeadlines.swift in Sources */,
				CE35BB842B0BF43F00196A57 /* TabBarController.swift in Sources */,
				CE03B64E2B2F9FD20029DDCA /* AuthService.swift in Sources */,
				CECA1A702B2FC1F300C760CA /* CustomTextField.swift in Sources */,
				A59E386B2B37C28500809705 /* UIImage+Extension.swift in Sources */,
				CECA1A6A2B2FAA7D00C760CA /* LoginUserRequest.swift in Sources */,
				D4B0CD7A2B20BC7F00407607 /* MainBuilder.swift in Sources */,
				CE35BB7C2B0BF31500196A57 /* addDeadLineViewController.swift in Sources */,
				A59E386D2B37C2C200809705 /* Constants.swift in Sources */,
				CE35BB822B0BF41400196A57 /* SettingsViewController.swift in Sources */,
				CE68566C2B325AB500C69E67 /* AuthenticationValidator.swift in Sources */,
				D4B0CD782B20BA9D00407607 /* MainPresenter.swift in Sources */,
				CE72C9232B3B9A4400723C74 /* CalendarPresenter.swift in Sources */,
				CECA1A6C2B2FC01C00C760CA /* RegistrationViewController.swift in Sources */,
				CEBAE3D62B3875FF00ED7F49 /* EmojiComplexity.swift in Sources */,
				CE03B6512B2F9FEC0029DDCA /* RegisterUserRequest.swift in Sources */,
				CE35BB6C2B0BF2D900196A57 /* ViewController.swift in Sources */,
				CE35BB802B0BF3C900196A57 /* MainViewController.swift in Sources */,
				CE35BB682B0BF2D900196A57 /* AppDelegate.swift in Sources */,
				CE35BB6A2B0BF2D900196A57 /* SceneDelegate.swift in Sources */,
			);
			runOnlyForDeploymentPostprocessing = 0;
		};
/* End PBXSourcesBuildPhase section */

/* Begin PBXVariantGroup section */
		CE35BB6D2B0BF2D900196A57 /* Main.storyboard */ = {
			isa = PBXVariantGroup;
			children = (
				CE35BB6E2B0BF2D900196A57 /* Base */,
			);
			name = Main.storyboard;
			sourceTree = "<group>";
		};
		CE35BB722B0BF2DD00196A57 /* LaunchScreen.storyboard */ = {
			isa = PBXVariantGroup;
			children = (
				CE35BB732B0BF2DD00196A57 /* Base */,
			);
			name = LaunchScreen.storyboard;
			sourceTree = "<group>";
		};
/* End PBXVariantGroup section */

/* Begin XCBuildConfiguration section */
		CE35BB762B0BF2DD00196A57 /* Debug */ = {
			isa = XCBuildConfiguration;
			buildSettings = {
				ALWAYS_SEARCH_USER_PATHS = NO;
				CLANG_ANALYZER_NONNULL = YES;
				CLANG_ANALYZER_NUMBER_OBJECT_CONVERSION = YES_AGGRESSIVE;
				CLANG_CXX_LANGUAGE_STANDARD = "gnu++17";
				CLANG_CXX_LIBRARY = "libc++";
				CLANG_ENABLE_MODULES = YES;
				CLANG_ENABLE_OBJC_ARC = YES;
				CLANG_ENABLE_OBJC_WEAK = YES;
				CLANG_WARN_BLOCK_CAPTURE_AUTORELEASING = YES;
				CLANG_WARN_BOOL_CONVERSION = YES;
				CLANG_WARN_COMMA = YES;
				CLANG_WARN_CONSTANT_CONVERSION = YES;
				CLANG_WARN_DEPRECATED_OBJC_IMPLEMENTATIONS = YES;
				CLANG_WARN_DIRECT_OBJC_ISA_USAGE = YES_ERROR;
				CLANG_WARN_DOCUMENTATION_COMMENTS = YES;
				CLANG_WARN_EMPTY_BODY = YES;
				CLANG_WARN_ENUM_CONVERSION = YES;
				CLANG_WARN_INFINITE_RECURSION = YES;
				CLANG_WARN_INT_CONVERSION = YES;
				CLANG_WARN_NON_LITERAL_NULL_CONVERSION = YES;
				CLANG_WARN_OBJC_IMPLICIT_RETAIN_SELF = YES;
				CLANG_WARN_OBJC_LITERAL_CONVERSION = YES;
				CLANG_WARN_OBJC_ROOT_CLASS = YES_ERROR;
				CLANG_WARN_QUOTED_INCLUDE_IN_FRAMEWORK_HEADER = YES;
				CLANG_WARN_RANGE_LOOP_ANALYSIS = YES;
				CLANG_WARN_STRICT_PROTOTYPES = YES;
				CLANG_WARN_SUSPICIOUS_MOVE = YES;
				CLANG_WARN_UNGUARDED_AVAILABILITY = YES_AGGRESSIVE;
				CLANG_WARN_UNREACHABLE_CODE = YES;
				CLANG_WARN__DUPLICATE_METHOD_MATCH = YES;
				COPY_PHASE_STRIP = NO;
				DEBUG_INFORMATION_FORMAT = dwarf;
				ENABLE_STRICT_OBJC_MSGSEND = YES;
				ENABLE_TESTABILITY = YES;
				GCC_C_LANGUAGE_STANDARD = gnu11;
				GCC_DYNAMIC_NO_PIC = NO;
				GCC_NO_COMMON_BLOCKS = YES;
				GCC_OPTIMIZATION_LEVEL = 0;
				GCC_PREPROCESSOR_DEFINITIONS = (
					"DEBUG=1",
					"$(inherited)",
				);
				GCC_WARN_64_TO_32_BIT_CONVERSION = YES;
				GCC_WARN_ABOUT_RETURN_TYPE = YES_ERROR;
				GCC_WARN_UNDECLARED_SELECTOR = YES;
				GCC_WARN_UNINITIALIZED_AUTOS = YES_AGGRESSIVE;
				GCC_WARN_UNUSED_FUNCTION = YES;
				GCC_WARN_UNUSED_VARIABLE = YES;
				IPHONEOS_DEPLOYMENT_TARGET = 15.2;
				MTL_ENABLE_DEBUG_INFO = INCLUDE_SOURCE;
				MTL_FAST_MATH = YES;
				ONLY_ACTIVE_ARCH = YES;
				SDKROOT = iphoneos;
				SWIFT_ACTIVE_COMPILATION_CONDITIONS = DEBUG;
				SWIFT_OPTIMIZATION_LEVEL = "-Onone";
			};
			name = Debug;
		};
		CE35BB772B0BF2DD00196A57 /* Release */ = {
			isa = XCBuildConfiguration;
			buildSettings = {
				ALWAYS_SEARCH_USER_PATHS = NO;
				CLANG_ANALYZER_NONNULL = YES;
				CLANG_ANALYZER_NUMBER_OBJECT_CONVERSION = YES_AGGRESSIVE;
				CLANG_CXX_LANGUAGE_STANDARD = "gnu++17";
				CLANG_CXX_LIBRARY = "libc++";
				CLANG_ENABLE_MODULES = YES;
				CLANG_ENABLE_OBJC_ARC = YES;
				CLANG_ENABLE_OBJC_WEAK = YES;
				CLANG_WARN_BLOCK_CAPTURE_AUTORELEASING = YES;
				CLANG_WARN_BOOL_CONVERSION = YES;
				CLANG_WARN_COMMA = YES;
				CLANG_WARN_CONSTANT_CONVERSION = YES;
				CLANG_WARN_DEPRECATED_OBJC_IMPLEMENTATIONS = YES;
				CLANG_WARN_DIRECT_OBJC_ISA_USAGE = YES_ERROR;
				CLANG_WARN_DOCUMENTATION_COMMENTS = YES;
				CLANG_WARN_EMPTY_BODY = YES;
				CLANG_WARN_ENUM_CONVERSION = YES;
				CLANG_WARN_INFINITE_RECURSION = YES;
				CLANG_WARN_INT_CONVERSION = YES;
				CLANG_WARN_NON_LITERAL_NULL_CONVERSION = YES;
				CLANG_WARN_OBJC_IMPLICIT_RETAIN_SELF = YES;
				CLANG_WARN_OBJC_LITERAL_CONVERSION = YES;
				CLANG_WARN_OBJC_ROOT_CLASS = YES_ERROR;
				CLANG_WARN_QUOTED_INCLUDE_IN_FRAMEWORK_HEADER = YES;
				CLANG_WARN_RANGE_LOOP_ANALYSIS = YES;
				CLANG_WARN_STRICT_PROTOTYPES = YES;
				CLANG_WARN_SUSPICIOUS_MOVE = YES;
				CLANG_WARN_UNGUARDED_AVAILABILITY = YES_AGGRESSIVE;
				CLANG_WARN_UNREACHABLE_CODE = YES;
				CLANG_WARN__DUPLICATE_METHOD_MATCH = YES;
				COPY_PHASE_STRIP = NO;
				DEBUG_INFORMATION_FORMAT = "dwarf-with-dsym";
				ENABLE_NS_ASSERTIONS = NO;
				ENABLE_STRICT_OBJC_MSGSEND = YES;
				GCC_C_LANGUAGE_STANDARD = gnu11;
				GCC_NO_COMMON_BLOCKS = YES;
				GCC_WARN_64_TO_32_BIT_CONVERSION = YES;
				GCC_WARN_ABOUT_RETURN_TYPE = YES_ERROR;
				GCC_WARN_UNDECLARED_SELECTOR = YES;
				GCC_WARN_UNINITIALIZED_AUTOS = YES_AGGRESSIVE;
				GCC_WARN_UNUSED_FUNCTION = YES;
				GCC_WARN_UNUSED_VARIABLE = YES;
				IPHONEOS_DEPLOYMENT_TARGET = 15.2;
				MTL_ENABLE_DEBUG_INFO = NO;
				MTL_FAST_MATH = YES;
				SDKROOT = iphoneos;
				SWIFT_COMPILATION_MODE = wholemodule;
				SWIFT_OPTIMIZATION_LEVEL = "-O";
				VALIDATE_PRODUCT = YES;
			};
			name = Release;
		};
		CE35BB792B0BF2DD00196A57 /* Debug */ = {
			isa = XCBuildConfiguration;
			baseConfigurationReference = A1C8AC2F1445F50F7AD93E1D /* Pods-Odnako.debug.xcconfig */;
			buildSettings = {
				ASSETCATALOG_COMPILER_APPICON_NAME = AppIcon;
				ASSETCATALOG_COMPILER_GLOBAL_ACCENT_COLOR_NAME = AccentColor;
				ASSETCATALOG_COMPILER_INCLUDE_ALL_APPICON_ASSETS = YES;
				CODE_SIGN_STYLE = Automatic;
				CURRENT_PROJECT_VERSION = 1;
				DEVELOPMENT_TEAM = 3GBZ34S3JW;
				GENERATE_INFOPLIST_FILE = YES;
				INFOPLIST_FILE = Odnako/Info.plist;
				INFOPLIST_KEY_CFBundleDisplayName = FireLine;
				INFOPLIST_KEY_UIApplicationSupportsIndirectInputEvents = YES;
				INFOPLIST_KEY_UILaunchStoryboardName = LaunchScreen;
				INFOPLIST_KEY_UIMainStoryboardFile = Main;
				INFOPLIST_KEY_UISupportedInterfaceOrientations_iPad = "UIInterfaceOrientationPortrait UIInterfaceOrientationPortraitUpsideDown UIInterfaceOrientationLandscapeLeft UIInterfaceOrientationLandscapeRight";
				INFOPLIST_KEY_UISupportedInterfaceOrientations_iPhone = "UIInterfaceOrientationPortrait UIInterfaceOrientationLandscapeLeft UIInterfaceOrientationLandscapeRight";
				LD_RUNPATH_SEARCH_PATHS = (
					"$(inherited)",
					"@executable_path/Frameworks",
				);
				MARKETING_VERSION = 1.0;
				PRODUCT_BUNDLE_IDENTIFIER = com.testcompanybuss.Odnako;
				PRODUCT_NAME = "$(TARGET_NAME)";
				SWIFT_EMIT_LOC_STRINGS = YES;
				SWIFT_VERSION = 5.0;
				TARGETED_DEVICE_FAMILY = "1,2";
			};
			name = Debug;
		};
		CE35BB7A2B0BF2DD00196A57 /* Release */ = {
			isa = XCBuildConfiguration;
			baseConfigurationReference = 14EF8833DE2050CC3AF8D574 /* Pods-Odnako.release.xcconfig */;
			buildSettings = {
				ASSETCATALOG_COMPILER_APPICON_NAME = AppIcon;
				ASSETCATALOG_COMPILER_GLOBAL_ACCENT_COLOR_NAME = AccentColor;
				ASSETCATALOG_COMPILER_INCLUDE_ALL_APPICON_ASSETS = YES;
				CODE_SIGN_STYLE = Automatic;
				CURRENT_PROJECT_VERSION = 1;
				DEVELOPMENT_TEAM = 3GBZ34S3JW;
				GENERATE_INFOPLIST_FILE = YES;
				INFOPLIST_FILE = Odnako/Info.plist;
				INFOPLIST_KEY_CFBundleDisplayName = FireLine;
				INFOPLIST_KEY_UIApplicationSupportsIndirectInputEvents = YES;
				INFOPLIST_KEY_UILaunchStoryboardName = LaunchScreen;
				INFOPLIST_KEY_UIMainStoryboardFile = Main;
				INFOPLIST_KEY_UISupportedInterfaceOrientations_iPad = "UIInterfaceOrientationPortrait UIInterfaceOrientationPortraitUpsideDown UIInterfaceOrientationLandscapeLeft UIInterfaceOrientationLandscapeRight";
				INFOPLIST_KEY_UISupportedInterfaceOrientations_iPhone = "UIInterfaceOrientationPortrait UIInterfaceOrientationLandscapeLeft UIInterfaceOrientationLandscapeRight";
				LD_RUNPATH_SEARCH_PATHS = (
					"$(inherited)",
					"@executable_path/Frameworks",
				);
				MARKETING_VERSION = 1.0;
				PRODUCT_BUNDLE_IDENTIFIER = com.testcompanybuss.Odnako;
				PRODUCT_NAME = "$(TARGET_NAME)";
				SWIFT_EMIT_LOC_STRINGS = YES;
				SWIFT_VERSION = 5.0;
				TARGETED_DEVICE_FAMILY = "1,2";
			};
			name = Release;
		};
/* End XCBuildConfiguration section */

/* Begin XCConfigurationList section */
		CE35BB5F2B0BF2D900196A57 /* Build configuration list for PBXProject "Odnako" */ = {
			isa = XCConfigurationList;
			buildConfigurations = (
				CE35BB762B0BF2DD00196A57 /* Debug */,
				CE35BB772B0BF2DD00196A57 /* Release */,
			);
			defaultConfigurationIsVisible = 0;
			defaultConfigurationName = Release;
		};
		CE35BB782B0BF2DD00196A57 /* Build configuration list for PBXNativeTarget "Odnako" */ = {
			isa = XCConfigurationList;
			buildConfigurations = (
				CE35BB792B0BF2DD00196A57 /* Debug */,
				CE35BB7A2B0BF2DD00196A57 /* Release */,
			);
			defaultConfigurationIsVisible = 0;
			defaultConfigurationName = Release;
		};
/* End XCConfigurationList section */
	};
	rootObject = CE35BB5C2B0BF2D900196A57 /* Project object */;
}
